// !$*UTF8*$!
{
	archiveVersion = 1;
	classes = {
	};
	objectVersion = 46;
	objects = {

/* Begin PBXBuildFile section */
		0805CB941B1FD84300CD4E4F /* main.m in Sources */ = {isa = PBXBuildFile; fileRef = 0805CB931B1FD84300CD4E4F /* main.m */; };
		0805CB971B1FD84300CD4E4F /* AppDelegate.m in Sources */ = {isa = PBXBuildFile; fileRef = 0805CB961B1FD84300CD4E4F /* AppDelegate.m */; };
		0805CB9A1B1FD84300CD4E4F /* ViewController.m in Sources */ = {isa = PBXBuildFile; fileRef = 0805CB991B1FD84300CD4E4F /* ViewController.m */; };
		0805CB9D1B1FD84300CD4E4F /* Main.storyboard in Resources */ = {isa = PBXBuildFile; fileRef = 0805CB9B1B1FD84300CD4E4F /* Main.storyboard */; };
		0805CB9F1B1FD84300CD4E4F /* Images.xcassets in Resources */ = {isa = PBXBuildFile; fileRef = 0805CB9E1B1FD84300CD4E4F /* Images.xcassets */; };
		0805CBA21B1FD84300CD4E4F /* LaunchScreen.xib in Resources */ = {isa = PBXBuildFile; fileRef = 0805CBA01B1FD84300CD4E4F /* LaunchScreen.xib */; };
		0805CBAE1B1FD84300CD4E4F /* WMTestPullUpRefreshTests.m in Sources */ = {isa = PBXBuildFile; fileRef = 0805CBAD1B1FD84300CD4E4F /* WMTestPullUpRefreshTests.m */; };
/* End PBXBuildFile section */

/* Begin PBXContainerItemProxy section */
		0805CBA81B1FD84300CD4E4F /* PBXContainerItemProxy */ = {
			isa = PBXContainerItemProxy;
			containerPortal = 0805CB861B1FD84200CD4E4F /* Project object */;
			proxyType = 1;
			remoteGlobalIDString = 0805CB8D1B1FD84200CD4E4F;
			remoteInfo = WMTestPullUpRefresh;
		};
/* End PBXContainerItemProxy section */

/* Begin PBXFileReference section */
		0805CB8E1B1FD84300CD4E4F /* WMTestPullUpRefresh.app */ = {isa = PBXFileReference; explicitFileType = wrapper.application; includeInIndex = 0; path = WMTestPullUpRefresh.app; sourceTree = BUILT_PRODUCTS_DIR; };
		0805CB921B1FD84300CD4E4F /* Info.plist */ = {isa = PBXFileReference; lastKnownFileType = text.plist.xml; path = Info.plist; sourceTree = "<group>"; };
		0805CB931B1FD84300CD4E4F /* main.m */ = {isa = PBXFileReference; lastKnownFileType = sourcecode.c.objc; path = main.m; sourceTree = "<group>"; };
		0805CB951B1FD84300CD4E4F /* AppDelegate.h */ = {isa = PBXFileReference; lastKnownFileType = sourcecode.c.h; path = AppDelegate.h; sourceTree = "<group>"; };
		0805CB961B1FD84300CD4E4F /* AppDelegate.m */ = {isa = PBXFileReference; lastKnownFileType = sourcecode.c.objc; path = AppDelegate.m; sourceTree = "<group>"; };
		0805CB981B1FD84300CD4E4F /* ViewController.h */ = {isa = PBXFileReference; lastKnownFileType = sourcecode.c.h; path = ViewController.h; sourceTree = "<group>"; };
		0805CB991B1FD84300CD4E4F /* ViewController.m */ = {isa = PBXFileReference; lastKnownFileType = sourcecode.c.objc; path = ViewController.m; sourceTree = "<group>"; };
		0805CB9C1B1FD84300CD4E4F /* Base */ = {isa = PBXFileReference; lastKnownFileType = file.storyboard; name = Base; path = Base.lproj/Main.storyboard; sourceTree = "<group>"; };
		0805CB9E1B1FD84300CD4E4F /* Images.xcassets */ = {isa = PBXFileReference; lastKnownFileType = folder.assetcatalog; path = Images.xcassets; sourceTree = "<group>"; };
		0805CBA11B1FD84300CD4E4F /* Base */ = {isa = PBXFileReference; lastKnownFileType = file.xib; name = Base; path = Base.lproj/LaunchScreen.xib; sourceTree = "<group>"; };
		0805CBA71B1FD84300CD4E4F /* WMTestPullUpRefreshTests.xctest */ = {isa = PBXFileReference; explicitFileType = wrapper.cfbundle; includeInIndex = 0; path = WMTestPullUpRefreshTests.xctest; sourceTree = BUILT_PRODUCTS_DIR; };
		0805CBAC1B1FD84300CD4E4F /* Info.plist */ = {isa = PBXFileReference; lastKnownFileType = text.plist.xml; path = Info.plist; sourceTree = "<group>"; };
		0805CBAD1B1FD84300CD4E4F /* WMTestPullUpRefreshTests.m */ = {isa = PBXFileReference; lastKnownFileType = sourcecode.c.objc; path = WMTestPullUpRefreshTests.m; sourceTree = "<group>"; };
/* End PBXFileReference section */

/* Begin PBXFrameworksBuildPhase section */
		0805CB8B1B1FD84200CD4E4F /* Frameworks */ = {
			isa = PBXFrameworksBuildPhase;
			buildActionMask = 2147483647;
			files = (
			);
			runOnlyForDeploymentPostprocessing = 0;
		};
		0805CBA41B1FD84300CD4E4F /* Frameworks */ = {
			isa = PBXFrameworksBuildPhase;
			buildActionMask = 2147483647;
			files = (
			);
			runOnlyForDeploymentPostprocessing = 0;
		};
/* End PBXFrameworksBuildPhase section */

/* Begin PBXGroup section */
		0805CB851B1FD84200CD4E4F = {
			isa = PBXGroup;
			children = (
				0805CB901B1FD84300CD4E4F /* WMTestPullUpRefresh */,
				0805CBAA1B1FD84300CD4E4F /* WMTestPullUpRefreshTests */,
				0805CB8F1B1FD84300CD4E4F /* Products */,
			);
			sourceTree = "<group>";
		};
		0805CB8F1B1FD84300CD4E4F /* Products */ = {
			isa = PBXGroup;
			children = (
				0805CB8E1B1FD84300CD4E4F /* WMTestPullUpRefresh.app */,
				0805CBA71B1FD84300CD4E4F /* WMTestPullUpRefreshTests.xctest */,
			);
			name = Products;
			sourceTree = "<group>";
		};
		0805CB901B1FD84300CD4E4F /* WMTestPullUpRefresh */ = {
			isa = PBXGroup;
			children = (
				0805CB951B1FD84300CD4E4F /* AppDelegate.h */,
				0805CB961B1FD84300CD4E4F /* AppDelegate.m */,
				0805CB981B1FD84300CD4E4F /* ViewController.h */,
				0805CB991B1FD84300CD4E4F /* ViewController.m */,
				0805CB9B1B1FD84300CD4E4F /* Main.storyboard */,
				0805CB9E1B1FD84300CD4E4F /* Images.xcassets */,
				0805CBA01B1FD84300CD4E4F /* LaunchScreen.xib */,
				0805CB911B1FD84300CD4E4F /* Supporting Files */,
			);
			path = WMTestPullUpRefresh;
			sourceTree = "<group>";
		};
		0805CB911B1FD84300CD4E4F /* Supporting Files */ = {
			isa = PBXGroup;
			children = (
				0805CB921B1FD84300CD4E4F /* Info.plist */,
				0805CB931B1FD84300CD4E4F /* main.m */,
			);
			name = "Supporting Files";
			sourceTree = "<group>";
		};
		0805CBAA1B1FD84300CD4E4F /* WMTestPullUpRefreshTests */ = {
			isa = PBXGroup;
			children = (
				0805CBAD1B1FD84300CD4E4F /* WMTestPullUpRefreshTests.m */,
				0805CBAB1B1FD84300CD4E4F /* Supporting Files */,
			);
			path = WMTestPullUpRefreshTests;
			sourceTree = "<group>";
		};
		0805CBAB1B1FD84300CD4E4F /* Supporting Files */ = {
			isa = PBXGroup;
			children = (
				0805CBAC1B1FD84300CD4E4F /* Info.plist */,
			);
			name = "Supporting Files";
			sourceTree = "<group>";
		};
/* End PBXGroup section */

/* Begin PBXNativeTarget section */
		0805CB8D1B1FD84200CD4E4F /* WMTestPullUpRefresh */ = {
			isa = PBXNativeTarget;
			buildConfigurationList = 0805CBB11B1FD84300CD4E4F /* Build configuration list for PBXNativeTarget "WMTestPullUpRefresh" */;
			buildPhases = (
				0805CB8A1B1FD84200CD4E4F /* Sources */,
				0805CB8B1B1FD84200CD4E4F /* Frameworks */,
				0805CB8C1B1FD84200CD4E4F /* Resources */,
			);
			buildRules = (
			);
			dependencies = (
			);
			name = WMTestPullUpRefresh;
			productName = WMTestPullUpRefresh;
			productReference = 0805CB8E1B1FD84300CD4E4F /* WMTestPullUpRefresh.app */;
			productType = "com.apple.product-type.application";
		};
		0805CBA61B1FD84300CD4E4F /* WMTestPullUpRefreshTests */ = {
			isa = PBXNativeTarget;
			buildConfigurationList = 0805CBB41B1FD84300CD4E4F /* Build configuration list for PBXNativeTarget "WMTestPullUpRefreshTests" */;
			buildPhases = (
				0805CBA31B1FD84300CD4E4F /* Sources */,
				0805CBA41B1FD84300CD4E4F /* Frameworks */,
				0805CBA51B1FD84300CD4E4F /* Resources */,
			);
			buildRules = (
			);
			dependencies = (
				0805CBA91B1FD84300CD4E4F /* PBXTargetDependency */,
			);
			name = WMTestPullUpRefreshTests;
			productName = WMTestPullUpRefreshTests;
			productReference = 0805CBA71B1FD84300CD4E4F /* WMTestPullUpRefreshTests.xctest */;
			productType = "com.apple.product-type.bundle.unit-test";
		};
/* End PBXNativeTarget section */

/* Begin PBXProject section */
		0805CB861B1FD84200CD4E4F /* Project object */ = {
			isa = PBXProject;
			attributes = {
				LastUpgradeCheck = 0630;
				ORGANIZATIONNAME = "wendong wang";
				TargetAttributes = {
					0805CB8D1B1FD84200CD4E4F = {
						CreatedOnToolsVersion = 6.3.2;
					};
					0805CBA61B1FD84300CD4E4F = {
						CreatedOnToolsVersion = 6.3.2;
						TestTargetID = 0805CB8D1B1FD84200CD4E4F;
					};
				};
			};
			buildConfigurationList = 0805CB891B1FD84200CD4E4F /* Build configuration list for PBXProject "WMTestPullUpRefresh" */;
			compatibilityVersion = "Xcode 3.2";
			developmentRegion = English;
			hasScannedForEncodings = 0;
			knownRegions = (
				en,
				Base,
			);
			mainGroup = 0805CB851B1FD84200CD4E4F;
			productRefGroup = 0805CB8F1B1FD84300CD4E4F /* Products */;
			projectDirPath = "";
			projectRoot = "";
			targets = (
				0805CB8D1B1FD84200CD4E4F /* WMTestPullUpRefresh */,
				0805CBA61B1FD84300CD4E4F /* WMTestPullUpRefreshTests */,
			);
		};
/* End PBXProject section */

/* Begin PBXResourcesBuildPhase section */
		0805CB8C1B1FD84200CD4E4F /* Resources */ = {
			isa = PBXResourcesBuildPhase;
			buildActionMask = 2147483647;
			files = (
				0805CB9D1B1FD84300CD4E4F /* Main.storyboard in Resources */,
				0805CBA21B1FD84300CD4E4F /* LaunchScreen.xib in Resources */,
				0805CB9F1B1FD84300CD4E4F /* Images.xcassets in Resources */,
			);
			runOnlyForDeploymentPostprocessing = 0;
		};
		0805CBA51B1FD84300CD4E4F /* Resources */ = {
			isa = PBXResourcesBuildPhase;
			buildActionMask = 2147483647;
			files = (
			);
			runOnlyForDeploymentPostprocessing = 0;
		};
/* End PBXResourcesBuildPhase section */

/* Begin PBXSourcesBuildPhase section */
		0805CB8A1B1FD84200CD4E4F /* Sources */ = {
			isa = PBXSourcesBuildPhase;
			buildActionMask = 2147483647;
			files = (
				0805CB9A1B1FD84300CD4E4F /* ViewController.m in Sources */,
				0805CB971B1FD84300CD4E4F /* AppDelegate.m in Sources */,
				0805CB941B1FD84300CD4E4F /* main.m in Sources */,
			);
			runOnlyForDeploymentPostprocessing = 0;
		};
		0805CBA31B1FD84300CD4E4F /* Sources */ = {
			isa = PBXSourcesBuildPhase;
			buildActionMask = 2147483647;
			files = (
				0805CBAE1B1FD84300CD4E4F /* WMTestPullUpRefreshTests.m in Sources */,
			);
			runOnlyForDeploymentPostprocessing = 0;
		};
/* End PBXSourcesBuildPhase section */

/* Begin PBXTargetDependency section */
		0805CBA91B1FD84300CD4E4F /* PBXTargetDependency */ = {
			isa = PBXTargetDependency;
			target = 0805CB8D1B1FD84200CD4E4F /* WMTestPullUpRefresh */;
			targetProxy = 0805CBA81B1FD84300CD4E4F /* PBXContainerItemProxy */;
		};
/* End PBXTargetDependency section */

/* Begin PBXVariantGroup section */
		0805CB9B1B1FD84300CD4E4F /* Main.storyboard */ = {
			isa = PBXVariantGroup;
			children = (
				0805CB9C1B1FD84300CD4E4F /* Base */,
			);
			name = Main.storyboard;
			sourceTree = "<group>";
		};
		0805CBA01B1FD84300CD4E4F /* LaunchScreen.xib */ = {
			isa = PBXVariantGroup;
			children = (
				0805CBA11B1FD84300CD4E4F /* Base */,
			);
			name = LaunchScreen.xib;
			sourceTree = "<group>";
		};
/* End PBXVariantGroup section */

/* Begin XCBuildConfiguration section */
		0805CBAF1B1FD84300CD4E4F /* Debug */ = {
			isa = XCBuildConfiguration;
			buildSettings = {
				ALWAYS_SEARCH_USER_PATHS = NO;
				CLANG_CXX_LANGUAGE_STANDARD = "gnu++0x";
				CLANG_CXX_LIBRARY = "libc++";
				CLANG_ENABLE_MODULES = YES;
				CLANG_ENABLE_OBJC_ARC = YES;
				CLANG_WARN_BOOL_CONVERSION = YES;
				CLANG_WARN_CONSTANT_CONVERSION = YES;
				CLANG_WARN_DIRECT_OBJC_ISA_USAGE = YES_ERROR;
				CLANG_WARN_EMPTY_BODY = YES;
				CLANG_WARN_ENUM_CONVERSION = YES;
				CLANG_WARN_INT_CONVERSION = YES;
				CLANG_WARN_OBJC_ROOT_CLASS = YES_ERROR;
				CLANG_WARN_UNREACHABLE_CODE = YES;
				CLANG_WARN__DUPLICATE_METHOD_MATCH = YES;
				"CODE_SIGN_IDENTITY[sdk=iphoneos*]" = "iPhone Developer";
				COPY_PHASE_STRIP = NO;
				DEBUG_INFORMATION_FORMAT = "dwarf-with-dsym";
				ENABLE_STRICT_OBJC_MSGSEND = YES;
				GCC_C_LANGUAGE_STANDARD = gnu99;
				GCC_DYNAMIC_NO_PIC = NO;
				GCC_NO_COMMON_BLOCKS = YES;
				GCC_OPTIMIZATION_LEVEL = 0;
				GCC_PREPROCESSOR_DEFINITIONS = (
					"DEBUG=1",
					"$(inherited)",
				);
				GCC_SYMBOLS_PRIVATE_EXTERN = NO;
				GCC_WARN_64_TO_32_BIT_CONVERSION = YES;
				GCC_WARN_ABOUT_RETURN_TYPE = YES_ERROR;
				GCC_WARN_UNDECLARED_SELECTOR = YES;
				GCC_WARN_UNINITIALIZED_AUTOS = YES_AGGRESSIVE;
				GCC_WARN_UNUSED_FUNCTION = YES;
				GCC_WARN_UNUSED_VARIABLE = YES;
				IPHONEOS_DEPLOYMENT_TARGET = 8.3;
				MTL_ENABLE_DEBUG_INFO = YES;
				ONLY_ACTIVE_ARCH = YES;
				SDKROOT = iphoneos;
			};
			name = Debug;
		};
		0805CBB01B1FD84300CD4E4F /* Release */ = {
			isa = XCBuildConfiguration;
			buildSettings = {
				ALWAYS_SEARCH_USER_PATHS = NO;
				CLANG_CXX_LANGUAGE_STANDARD = "gnu++0x";
				CLANG_CXX_LIBRARY = "libc++";
				CLANG_ENABLE_MODULES = YES;
				CLANG_ENABLE_OBJC_ARC = YES;
				CLANG_WARN_BOOL_CONVERSION = YES;
				CLANG_WARN_CONSTANT_CONVERSION = YES;
				CLANG_WARN_DIRECT_OBJC_ISA_USAGE = YES_ERROR;
				CLANG_WARN_EMPTY_BODY = YES;
				CLANG_WARN_ENUM_CONVERSION = YES;
				CLANG_WARN_INT_CONVERSION = YES;
				CLANG_WARN_OBJC_ROOT_CLASS = YES_ERROR;
				CLANG_WARN_UNREACHABLE_CODE = YES;
				CLANG_WARN__DUPLICATE_METHOD_MATCH = YES;
				"CODE_SIGN_IDENTITY[sdk=iphoneos*]" = "iPhone Developer";
				COPY_PHASE_STRIP = NO;
				DEBUG_INFORMATION_FORMAT = "dwarf-with-dsym";
				ENABLE_NS_ASSERTIONS = NO;
				ENABLE_STRICT_OBJC_MSGSEND = YES;
				GCC_C_LANGUAGE_STANDARD = gnu99;
				GCC_NO_COMMON_BLOCKS = YES;
				GCC_WARN_64_TO_32_BIT_CONVERSION = YES;
				GCC_WARN_ABOUT_RETURN_TYPE = YES_ERROR;
				GCC_WARN_UNDECLARED_SELECTOR = YES;
				GCC_WARN_UNINITIALIZED_AUTOS = YES_AGGRESSIVE;
				GCC_WARN_UNUSED_FUNCTION = YES;
				GCC_WARN_UNUSED_VARIABLE = YES;
				IPHONEOS_DEPLOYMENT_TARGET = 8.3;
				MTL_ENABLE_DEBUG_INFO = NO;
				SDKROOT = iphoneos;
				VALIDATE_PRODUCT = YES;
			};
			name = Release;
		};
		0805CBB21B1FD84300CD4E4F /* Debug */ = {
			isa = XCBuildConfiguration;
			buildSettings = {
				ASSETCATALOG_COMPILER_APPICON_NAME = AppIcon;
				INFOPLIST_FILE = WMTestPullUpRefresh/Info.plist;
				IPHONEOS_DEPLOYMENT_TARGET = 7.0;
				LD_RUNPATH_SEARCH_PATHS = "$(inherited) @executable_path/Frameworks";
				PRODUCT_NAME = "$(TARGET_NAME)";
			};
			name = Debug;
		};
		0805CBB31B1FD84300CD4E4F /* Release */ = {
			isa = XCBuildConfiguration;
			buildSettings = {
				ASSETCATALOG_COMPILER_APPICON_NAME = AppIcon;
				INFOPLIST_FILE = WMTestPullUpRefresh/Info.plist;
				IPHONEOS_DEPLOYMENT_TARGET = 7.0;
				LD_RUNPATH_SEARCH_PATHS = "$(inherited) @executable_path/Frameworks";
				PRODUCT_NAME = "$(TARGET_NAME)";
			};
			name = Release;
		};
		0805CBB51B1FD84300CD4E4F /* Debug */ = {
			isa = XCBuildConfiguration;
			buildSettings = {
				BUNDLE_LOADER = "$(TEST_HOST)";
				FRAMEWORK_SEARCH_PATHS = (
					"$(SDKROOT)/Developer/Library/Frameworks",
					"$(inherited)",
				);
				GCC_PREPROCESSOR_DEFINITIONS = (
					"DEBUG=1",
					"$(inherited)",
				);
				INFOPLIST_FILE = WMTestPullUpRefreshTests/Info.plist;
				LD_RUNPATH_SEARCH_PATHS = "$(inherited) @executable_path/Frameworks @loader_path/Frameworks";
				PRODUCT_NAME = "$(TARGET_NAME)";
				TEST_HOST = "$(BUILT_PRODUCTS_DIR)/WMTestPullUpRefresh.app/WMTestPullUpRefresh";
			};
			name = Debug;
		};
		0805CBB61B1FD84300CD4E4F /* Release */ = {
			isa = XCBuildConfiguration;
			buildSettings = {
				BUNDLE_LOADER = "$(TEST_HOST)";
				FRAMEWORK_SEARCH_PATHS = (
					"$(SDKROOT)/Developer/Library/Frameworks",
					"$(inherited)",
				);
				INFOPLIST_FILE = WMTestPullUpRefreshTests/Info.plist;
				LD_RUNPATH_SEARCH_PATHS = "$(inherited) @executable_path/Frameworks @loader_path/Frameworks";
				PRODUCT_NAME = "$(TARGET_NAME)";
				TEST_HOST = "$(BUILT_PRODUCTS_DIR)/WMTestPullUpRefresh.app/WMTestPullUpRefresh";
			};
			name = Release;
		};
/* End XCBuildConfiguration section */

/* Begin XCConfigurationList section */
		0805CB891B1FD84200CD4E4F /* Build configuration list for PBXProject "WMTestPullUpRefresh" */ = {
			isa = XCConfigurationList;
			buildConfigurations = (
				0805CBAF1B1FD84300CD4E4F /* Debug */,
				0805CBB01B1FD84300CD4E4F /* Release */,
			);
			defaultConfigurationIsVisible = 0;
			defaultConfigurationName = Release;
		};
		0805CBB11B1FD84300CD4E4F /* Build configuration list for PBXNativeTarget "WMTestPullUpRefresh" */ = {
			isa = XCConfigurationList;
			buildConfigurations = (
				0805CBB21B1FD84300CD4E4F /* Debug */,
				0805CBB31B1FD84300CD4E4F /* Release */,
			);
			defaultConfigurationIsVisible = 0;
		};
		0805CBB41B1FD84300CD4E4F /* Build configuration list for PBXNativeTarget "WMTestPullUpRefreshTests" */ = {
			isa = XCConfigurationList;
			buildConfigurations = (
				0805CBB51B1FD84300CD4E4F /* Debug */,
				0805CBB61B1FD84300CD4E4F /* Release */,
			);
			defaultConfigurationIsVisible = 0;
		};
/* End XCConfigurationList section */
	};
	rootObject = 0805CB861B1FD84200CD4E4F /* Project object */;
}
